{
  "name": "grafomem-bench-v0.1.8",
  "schema_version": "0.1.3",
  "generator_version": "0.1.0",
  "generated_at": "2026-05-21T15:52:39.608315+00:00",
  "n_traces": 90,
  "corpus_hash": "8ea8edc8d34f93689ae8b3343b7f54fdd832a6ce101c8f6a08cabd2c88baedb1",
  "workload_hashes": {
    "W1": "3028af2d728db47c18ef6353d3881302ad527dcbdb6bc7370f9df093942b9459",
    "W2": "5a39a2ebc18a412330b9316d38b66233ff6155c8befdb2c56ae7b16912a95af8",
    "W3": "2feea9abd2c86de6dd8df87acccd25a4551810bef23cc58ceef404959810be32",
    "W4": "cd265abad10e8d0af69427f6a3b3abf062f89777ef1758ec51d06705d4a5e481",
    "W5": "a791dae52e917340708da237205e005c7abaa1f5d52c0661cc20fa864dc4d010",
    "W6": "a758332bb77c4422a8074fdc71db309de06786b71d20699de601a86807d4acf0"
  },
  "trace_hashes": {
    "W1_s0_easy": "ba7034ef3b9dbcaa734960618499edfbf1de69e3be7533bab706dfbd75e984ff",
    "W1_s0_hard": "9adb52654f320c1cf0916ed8baaf553be1078ee9135fa67b879aa7cb286361aa",
    "W1_s0_medium": "078833e815182c1344870499f92cf511275fc8a800fd885460ed0b2197fbbf69",
    "W1_s1_easy": "61d31282a51ec7dfde47ba49ef6e856e9cd551073aac03133c4ccb28a8e8133f",
    "W1_s1_hard": "074b4bc5d08817e58159abd243b5e21af9c320bd828913d92256eb0a26715a39",
    "W1_s1_medium": "4b6e16c1befe9b4e9f6d9ce24c1e31cb76ccb5cd96a76792330482b6582f447c",
    "W1_s2_easy": "c54b17cc780998064abb274a89f93a5b63d022e7345e789a4450672dff1f6a27",
    "W1_s2_hard": "5a9c7219d8d8a3ffed92bc9b528bd89fac35004f484a9b54191220dfa29458cd",
    "W1_s2_medium": "abd52b325f5f03c0f4abbd6302cc8eec1e266601568f370e57fa7191ef869b78",
    "W1_s3_easy": "44ad95380a920bbe752fafa63c91ef66dd49350a4faa87592615e9b1863d5458",
    "W1_s3_hard": "590a8479e912025359219b432acc286341f0703202954034d7bb5688d67d6873",
    "W1_s3_medium": "7b897657fc7dc7372ac7a9039ff50d5ea17c6318b2c65eacf09ce2c217f95308",
    "W1_s4_easy": "7f3c0b21eaf17bfdce9bbcb257ef34851fbac5e35df24768121f1d18c7f13aed",
    "W1_s4_hard": "69196b39fff0135fcaacf04ccdbb19ad09379b0fe260fb2f8cd5c14a9c001422",
    "W1_s4_medium": "4e1f13cf2e9eb5c161048426270d6bf5ea247890c7ec3d314dedcb9a1a3b8b50",
    "W2_s0_easy": "a5ffe488dfcabc9cca2c57498a3c5eb6ff9b4d10b20cbad4a8d119bf355c839c",
    "W2_s0_hard": "4e8a0720c059252a4558f8185cd34b2e418b24c8325dd0346f1dabcf7d2b2314",
    "W2_s0_medium": "ebccbb692c5f4a108e4c6b933637d0392e5c58ebc9be7ef63802b8420c9413da",
    "W2_s1_easy": "1f70a0e7ecd3f922d7b41f120d7de7e1d22a735e14a5a6f80479c4ca068b6f32",
    "W2_s1_hard": "d30ab4428b9323d08db604e8a8c80346aabdcef1b6b5ef3a5627377e12a0e552",
    "W2_s1_medium": "cbfd709d6cd9f6c885ac19cf81d249f4941f03ebcf12733ac9f0821f76b22e64",
    "W2_s2_easy": "76123d3834900bcc70a616677a4790346c6dd3d7af11ddbc0717b19a1a22f5dd",
    "W2_s2_hard": "8f515af0d028c5b0cc17d8db520659b55d0fdd8ad5baa3fcbb1d149658668d6f",
    "W2_s2_medium": "8f96812caf0dc71ca51d9e2c6ee9586ce03cc3bd405d95a371337f6251558691",
    "W2_s3_easy": "f2b938b38a42050bdd8b29cdf996a410685969309e10ae67927e118cd7f8c3fc",
    "W2_s3_hard": "883e5c5ac583adc8c13f68e484cb21261028a31e4a4d45c455bd0e62fe3b9ffa",
    "W2_s3_medium": "6ba6104721b98cdc04363b1dcc27ca72e8082305f1011a8d0172e7855176a713",
    "W2_s4_easy": "d77ffa272f53c48135a9719b967e2e7b408d70c91da43d2f8bc6da4630816826",
    "W2_s4_hard": "37146f32cd7a8181cd4be689362ae006b32c8007a856e0c47bab61133ed9edcc",
    "W2_s4_medium": "237f6f5e74a752344e9c785c46ef179dcb95a9796c5cb4f510dceb01bafae3b6",
    "W3_s0_easy": "580edf25f448a59ee532d93fd2aba4d30990bfb75d13b1f991b9bb570edc02d1",
    "W3_s0_hard": "d5d8f4e7ee213fef592d782dd9310e3a1fc46e6d14a76258182d1b848b6f863a",
    "W3_s0_medium": "8171bbf11d553e1fec5e0a4dc1ed1b9328d37058723f5f1c63eee67d4c799191",
    "W3_s1_easy": "4b0f83e02099c15f67cce0c81174ca9c0f1353c5be064f4616642099549c2b84",
    "W3_s1_hard": "d303f1c35d61813c6a9f7fb8ccb19da9d29bf2e80cb8208d2de3c517586b4f60",
    "W3_s1_medium": "2247535cb5a1079476d342e87d84fce5a8990d68bcacbf21e151c6b6684ee410",
    "W3_s2_easy": "25f77dc0de353ddf5432422e24bd2638049a29cd052ccaa3c0adb6b0c1d237ed",
    "W3_s2_hard": "ac3d0239278144f29c0172ff38e9f6c8ad454115d6bd6b692c9efa3a3970f084",
    "W3_s2_medium": "f89d43471c59b9219faa23cf97c7c0d0116336443850257fc7c0dbcc214f16ae",
    "W3_s3_easy": "5957fc785fdcf15ae6488b7f24596debe5d4d4cd7a8a72e542f990f1a065ebef",
    "W3_s3_hard": "1bc1d7d9c72531d686aaca07acc72b779c8a34e783fdcb6d02b1991cb46d6fdc",
    "W3_s3_medium": "5b293394e376992c985682299b1ea198a660fa85e59071aef34183c073225211",
    "W3_s4_easy": "b7f6e472873188634728820c411f10eeec32c92a6f26afeaca13d35e43ba4093",
    "W3_s4_hard": "5b89ab7941ff59af29f692f7d3bf262da0522890c8cf45ebb62bed82f558248d",
    "W3_s4_medium": "2051a9ab7fda3a7ae7146a67153571fc30fa425a29b935b452caeaa87cea11ea",
    "W4_s0_easy": "32b70abeb207b5577424b1e3394092d36d801868bb5703ff772eb4784db1a8e3",
    "W4_s0_hard": "43322502af6d6b97162e0deea63fdb7f47829eed58a7e0b739088a96d9af2610",
    "W4_s0_medium": "d08f0fab13f3738d57e2c368a4b6e566adea94772fd917095a3607185d00c4a8",
    "W4_s1_easy": "cb162cc6a012756e32d30e31fc89ca5c5fe749e19fa9376bea448d83d10dd7a4",
    "W4_s1_hard": "ebf39f9ccddc321da997fd6fafd01c25142b1a6e9b4611385236d1f52a39f87c",
    "W4_s1_medium": "c5f02050d68e6403931b602a5a8e1d21a2e35252382e1be979c70a7ebc702c86",
    "W4_s2_easy": "e9e293f7db8ee33e896f06a99ebc182d475ce731fdb5369473aad43c249b332c",
    "W4_s2_hard": "92d6433e335b629b935a96f88c29aa7ca10cb21452ad3ab5d9e5029781bbd5b1",
    "W4_s2_medium": "371aae971e5b507543a6906c682aeebc7650a100a00638b78c7a06a78f417cc9",
    "W4_s3_easy": "a2a7f132aaa649517bb20bc34332f322cface03eb4f1f26a376824831ebbe9a1",
    "W4_s3_hard": "2ee1db1e123d8b8c758957884fb644ce25ecfb908c99ced4b4f46666536c54dc",
    "W4_s3_medium": "fb67723c0831165e0d561ed8d11a2eaeb819d9cb005ca2cdceda546e84e9a09c",
    "W4_s4_easy": "8753796d7ad68e9a05900ed3ab4bd4e16c480047d57dd907f2194ec7c8b2d4ce",
    "W4_s4_hard": "5f7f85673a7f744e30c3bedba9259c45c2f958f39f6c2e84529109074553e892",
    "W4_s4_medium": "6956e4b1f6d930840fb65eed9a5ab3361eeecc3b426d8e759a23286a84307037",
    "W5_s0_easy": "9ab3b305ea007b833881c8a1243b9516ebe39e6b23d8224aafbab88bf00c8853",
    "W5_s0_hard": "3eed4d6cf604c829ff45acaf0013b007c52fc38aa8fa73fc8b3d2bbaefcd01fe",
    "W5_s0_medium": "d8e34ccdc2b83d5838329c6ce785f709dbbd3fcaa9e4abfcf412166ddcdc35e8",
    "W5_s1_easy": "37935486b5484868f58414a5e119cc66c3c82fd773a7a8c001076981803fed89",
    "W5_s1_hard": "4ddc67c40acf6abdb047553120b0668eb0bc768d7be6ebb52561c996ea2d6cd9",
    "W5_s1_medium": "3c485795c24395c830b9cabf4347e9ee79b94521b261c6ba49a0bf5d03545bd4",
    "W5_s2_easy": "376121fc3d53b0d05383d5868e02e27585e911b95e45663fdfdc4349c8eada9b",
    "W5_s2_hard": "53ea878eb7956e8a84c44934b3a412c24d42392538927ebe52ba1376905adfef",
    "W5_s2_medium": "ba523f9e00ecd2ce7711a6f0b4e440dec0ebca90fc83cbaf54730a94cb66a3ac",
    "W5_s3_easy": "4bc4613a6798885c8afab1a0aad3b57c71798b56110878564a2e55521aa24853",
    "W5_s3_hard": "bc50c3a5b43ac971fdbe0a551fd7fdd8dfe4806cbb7e561a07973b618cdbf587",
    "W5_s3_medium": "9697fa6eea499e260e2ccd5c4e2987c5f3c818b977030866d0bd8c43e66bcddf",
    "W5_s4_easy": "162baa964e0c7191dac5f2e4f531a87b1c216e634e9ba72849b1f0c5e69d296c",
    "W5_s4_hard": "746af1db66cf3854c49facd31996da58447bba1f64ab6cbad68b23fa64e0e005",
    "W5_s4_medium": "e50296fc20c55fabc8bb4f5e2891ba394e637f2cc97ae904fce919e01ddce278",
    "W6_s0_easy": "e6586a13f5fcfe16fc7c3436028c53743d6b89607967acb4e1f6a5b79fa3f6c0",
    "W6_s0_hard": "4b4f56794604663990fbc90ee50958385e4641382ed001fdc7bf88de981cfe4f",
    "W6_s0_medium": "ebfe9eebaffb551706992ed3c0cbcf97a2e78756892c057f1723cc3950830116",
    "W6_s1_easy": "e0bd391e712ab8cb06030318d7ed1f6be6ffbe205af72f50a9e73dd18bc75014",
    "W6_s1_hard": "4bc2822e13a799d0a868b0955f5b31b71e22c44f04e64b4f65b9204b37e98793",
    "W6_s1_medium": "bc8001d06460eeba53e968cda6d6b92aa16e19723a0b29de5c0669e47e375d66",
    "W6_s2_easy": "4821542bfc84f41933901dd5e191ea82357d8a917640ee484b7e736611aa356c",
    "W6_s2_hard": "48484aab626fb7f2cd380459e969a7e3758d93834f9e41053f6266b86fa15e96",
    "W6_s2_medium": "1b40673ad001b9009ab05ffa1d0cc1c0b559e78accdf447394b159ac2f029bab",
    "W6_s3_easy": "5a21a0e529453270d2fa215471c2d8b46e8c82cf82e5761b0dc9e3e9c459d074",
    "W6_s3_hard": "c2018cde11decc968eda3fa81bdb84b99d76d5fda89b82ee5005ea8bc9d4f302",
    "W6_s3_medium": "c3f446aaefc28b56594eec3b5caeeed0b1030af9d402352a462f802fcfc6fe59",
    "W6_s4_easy": "fc4909f9d6b92d6cf2557cc8a8e35fa0cfa5d893be6aea64e99525bfcc52fb92",
    "W6_s4_hard": "18c83e18f2b661a4b734d2ee7f3b8efcca12568c75255fb632510372609988e4",
    "W6_s4_medium": "55e151c168dd1ffccb7e826331b7378742203899afe6be3b01e48e16ffa20331"
  }
}